
Microsoft Visual Studio Solution File, Format Version 12.00
# Visual Studio Version 16
VisualStudioVersion = 16.0.30907.101
MinimumVisualStudioVersion = 10.0.40219.1
Project("{FAE04EC0-301F-11D3-BF4B-00C04F79EFBC}") = "CoolWebApi", "CoolWebApi\CoolWebApi.csproj", "{A3477C1C-AE3E-4982-8BFA-FDD6C2F33E0B}"
EndProject
Global
	GlobalSection(SolutionConfigurationPlatforms) = preSolution
		Debug|Any CPU = Debug|Any CPU
		Release|Any CPU = Release|Any CPU
	EndGlobalSection
	GlobalSection(ProjectConfigurationPlatforms) = postSolution
		{A3477C1C-AE3E-4982-8BFA-FDD6C2F33E0B}.Debug|Any CPU.ActiveCfg = Debug|Any CPU
		{A3477C1C-AE3E-4982-8BFA-FDD6C2F33E0B}.Debug|Any CPU.Build.0 = Debug|Any CPU
		{A3477C1C-AE3E-4982-8BFA-FDD6C2F33E0B}.Release|Any CPU.ActiveCfg = Release|Any CPU
		{A3477C1C-AE3E-4982-8BFA-FDD6C2F33E0B}.Release|Any CPU.Build.0 = Release|Any CPU
	EndGlobalSection
	GlobalSection(SolutionProperties) = preSolution
		HideSolutionNode = FALSE
	EndGlobalSection
	GlobalSection(ExtensibilityGlobals) = postSolution
		SolutionGuid = {F10020FA-7000-4F31-9518-4C93EB2C374A}
	EndGlobalSection
EndGlobal
